
Microsoft Visual Studio Solution File, Format Version 12.00
# Visual Studio Version 17
VisualStudioVersion = 17.2.32602.215
MinimumVisualStudioVersion = 10.0.40219.1
Project("{FAE04EC0-301F-11D3-BF4B-00C04F79EFBC}") = "API Client WinForm", "API Client WinForm\API Client WinForm.csproj", "{BB3FEDA8-8353-450F-AAA6-6AAA2838E98A}"
EndProject
Global
	GlobalSection(SolutionConfigurationPlatforms) = preSolution
		Debug|Any CPU = Debug|Any CPU
		Release|Any CPU = Release|Any CPU
	EndGlobalSection
	GlobalSection(ProjectConfigurationPlatforms) = postSolution
		{BB3FEDA8-8353-450F-AAA6-6AAA2838E98A}.Debug|Any CPU.ActiveCfg = Debug|Any CPU
		{BB3FEDA8-8353-450F-AAA6-6AAA2838E98A}.Debug|Any CPU.Build.0 = Debug|Any CPU
		{BB3FEDA8-8353-450F-AAA6-6AAA2838E98A}.Release|Any CPU.ActiveCfg = Release|Any CPU
		{BB3FEDA8-8353-450F-AAA6-6AAA2838E98A}.Release|Any CPU.Build.0 = Release|Any CPU
	EndGlobalSection
	GlobalSection(SolutionProperties) = preSolution
		HideSolutionNode = FALSE
	EndGlobalSection
	GlobalSection(ExtensibilityGlobals) = postSolution
		SolutionGuid = {884D0F03-E33E-429B-A9A8-9AC858721413}
	EndGlobalSection
EndGlobal
